
Microsoft Visual Studio Solution File, Format Version 12.00
# Visual Studio Version 17
VisualStudioVersion = 17.5.002.0
MinimumVisualStudioVersion = 10.0.40219.1
Project("{9A19103F-16F7-4668-BE54-9A1E7A4F7556}") = "db_dumper", "MSSQLSchemaDump\db_dumper.csproj", "{3214AB9F-DF39-4173-86CE-5AC93959DCB1}"
EndProject
Global
	GlobalSection(SolutionConfigurationPlatforms) = preSolution
		Debug|Any CPU = Debug|Any CPU
		Release|Any CPU = Release|Any CPU
	EndGlobalSection
	GlobalSection(ProjectConfigurationPlatforms) = postSolution
		{3214AB9F-DF39-4173-86CE-5AC93959DCB1}.Debug|Any CPU.ActiveCfg = Debug|Any CPU
		{3214AB9F-DF39-4173-86CE-5AC93959DCB1}.Debug|Any CPU.Build.0 = Debug|Any CPU
		{3214AB9F-DF39-4173-86CE-5AC93959DCB1}.Release|Any CPU.ActiveCfg = Release|Any CPU
		{3214AB9F-DF39-4173-86CE-5AC93959DCB1}.Release|Any CPU.Build.0 = Release|Any CPU
	EndGlobalSection
	GlobalSection(SolutionProperties) = preSolution
		HideSolutionNode = FALSE
	EndGlobalSection
	GlobalSection(ExtensibilityGlobals) = postSolution
		SolutionGuid = {6F7071B3-5F4B-4448-9F48-261270F7A9D7}
	EndGlobalSection
EndGlobal
