
Microsoft Visual Studio Solution File, Format Version 12.00
# Visual Studio Version 16
VisualStudioVersion = 16.0.31112.23
MinimumVisualStudioVersion = 10.0.40219.1
Project("{888888A0-9F3D-457C-B088-3A5042F75D52}") = "Russian Roulette", "Russian Roulette\Russian Roulette.pyproj", "{2CDCCF30-8D9E-4739-80E8-2FC6049F1F52}"
EndProject
Global
	GlobalSection(SolutionConfigurationPlatforms) = preSolution
		Debug|Any CPU = Debug|Any CPU
		Release|Any CPU = Release|Any CPU
	EndGlobalSection
	GlobalSection(ProjectConfigurationPlatforms) = postSolution
		{2CDCCF30-8D9E-4739-80E8-2FC6049F1F52}.Debug|Any CPU.ActiveCfg = Debug|Any CPU
		{2CDCCF30-8D9E-4739-80E8-2FC6049F1F52}.Release|Any CPU.ActiveCfg = Release|Any CPU
	EndGlobalSection
	GlobalSection(SolutionProperties) = preSolution
		HideSolutionNode = FALSE
	EndGlobalSection
	GlobalSection(ExtensibilityGlobals) = postSolution
		SolutionGuid = {6339ACDC-60CE-40D6-A48F-98E82FDD14DB}
	EndGlobalSection
EndGlobal
